
Microsoft Visual Studio Solution File, Format Version 12.00
# Visual Studio Version 17
VisualStudioVersion = 17.5.33627.172
MinimumVisualStudioVersion = 10.0.40219.1
Project("{FAE04EC0-301F-11D3-BF4B-00C04F79EFBC}") = "BloodlineEngine", "BloodlineEngine\BloodlineEngine.csproj", "{A81776EA-EBE0-4A2E-A0C8-E522DC0A7555}"
EndProject
Project("{FAE04EC0-301F-11D3-BF4B-00C04F79EFBC}") = "Sandbox", "Sandbox\Sandbox.csproj", "{98E02950-4225-4E6B-8352-08F62904E368}"
EndProject
Global
	GlobalSection(SolutionConfigurationPlatforms) = preSolution
		Debug|Any CPU = Debug|Any CPU
		Release|Any CPU = Release|Any CPU
	EndGlobalSection
	GlobalSection(ProjectConfigurationPlatforms) = postSolution
		{A81776EA-EBE0-4A2E-A0C8-E522DC0A7555}.Debug|Any CPU.ActiveCfg = Debug|Any CPU
		{A81776EA-EBE0-4A2E-A0C8-E522DC0A7555}.Debug|Any CPU.Build.0 = Debug|Any CPU
		{A81776EA-EBE0-4A2E-A0C8-E522DC0A7555}.Release|Any CPU.ActiveCfg = Release|Any CPU
		{A81776EA-EBE0-4A2E-A0C8-E522DC0A7555}.Release|Any CPU.Build.0 = Release|Any CPU
		{98E02950-4225-4E6B-8352-08F62904E368}.Debug|Any CPU.ActiveCfg = Debug|Any CPU
		{98E02950-4225-4E6B-8352-08F62904E368}.Debug|Any CPU.Build.0 = Debug|Any CPU
		{98E02950-4225-4E6B-8352-08F62904E368}.Release|Any CPU.ActiveCfg = Release|Any CPU
		{98E02950-4225-4E6B-8352-08F62904E368}.Release|Any CPU.Build.0 = Release|Any CPU
	EndGlobalSection
	GlobalSection(SolutionProperties) = preSolution
		HideSolutionNode = FALSE
	EndGlobalSection
	GlobalSection(ExtensibilityGlobals) = postSolution
		SolutionGuid = {7415134B-AD3E-45D9-88DA-F8783581291F}
	EndGlobalSection
EndGlobal
